
Microsoft Visual Studio Solution File, Format Version 12.00
# Visual Studio Version 16
VisualStudioVersion = 16.0.29926.136
MinimumVisualStudioVersion = 10.0.40219.1
Project("{888888A0-9F3D-457C-B088-3A5042F75D52}") = "Sudoku solver", "Sudoku solver\Sudoku solver.pyproj", "{0CFA45FF-DBCC-44C4-95C3-133939976822}"
EndProject
Global
	GlobalSection(SolutionConfigurationPlatforms) = preSolution
		Debug|Any CPU = Debug|Any CPU
		Release|Any CPU = Release|Any CPU
	EndGlobalSection
	GlobalSection(ProjectConfigurationPlatforms) = postSolution
		{0CFA45FF-DBCC-44C4-95C3-133939976822}.Debug|Any CPU.ActiveCfg = Debug|Any CPU
		{0CFA45FF-DBCC-44C4-95C3-133939976822}.Release|Any CPU.ActiveCfg = Release|Any CPU
	EndGlobalSection
	GlobalSection(SolutionProperties) = preSolution
		HideSolutionNode = FALSE
	EndGlobalSection
	GlobalSection(ExtensibilityGlobals) = postSolution
		SolutionGuid = {FDE9770B-7E40-49E4-A90C-58BBA3EF650E}
	EndGlobalSection
EndGlobal
